PODS:
  - Expecta (1.0.5)
  - Expecta+Snapshots (3.0.0):
    - Expecta (~> 1.0)
    - FBSnapshotTestCase/Core (~> 2.0)
    - Specta (~> 1.0)
  - FBSnapshotTestCase (2.1.1):
    - FBSnapshotTestCase/SwiftSupport (= 2.1.1)
  - FBSnapshotTestCase/Core (2.1.1)
  - FBSnapshotTestCase/SwiftSupport (2.1.1):
    - FBSnapshotTestCase/Core
  - NVNLocales (0.2.0)
  - Specta (1.0.5)

DEPENDENCIES:
  - Expecta
  - Expecta+Snapshots
  - FBSnapshotTestCase
  - NVNLocales (from `../`)
  - Specta

EXTERNAL SOURCES:
  NVNLocales:
    :path: ../

SPEC CHECKSUMS:
  Expecta: e1c022fcd33910b6be89c291d2775b3fe27a89fe
  Expecta+Snapshots: c343f410c7a6392f3e22e78f94c44b6c0749a516
  FBSnapshotTestCase: 432afd8d059ccef7f207225894840a03fbcf7474
  NVNLocales: 06bd29e1412d5fb4e22604fa08dc41c53c45ed0f
  Specta: ac94d110b865115fe60ff2c6d7281053c6f8e8a2

PODFILE CHECKSUM: 2e9ae6f77f24a17df2401b2e66bb3f99d8cbcc54

COCOAPODS: 1.0.1
